{
  "version": 1,
  "dependencies": {
    "net10.0": {
      "ImGui.NET": {
        "type": "Direct",
        "requested": "[1.91.6.1, )",
        "resolved": "1.91.6.1",
        "contentHash": "Ph3j8pO6UM28PPJWP+5LEJSPVPkd8ivpVS8tRyY9b0IHn1HDIrMZ2o/FdiXaYW6YhNxMHmbevw6Jcfs+IDKi0Q=="
      },
      "Microsoft.DotNet.ILCompiler": {
        "type": "Direct",
        "requested": "[10.0.11, )",
        "resolved": "10.0.11",
        "contentHash": "yloFUsIQOzspIsn2cDHrbgikKaWHAZspzj0EWxnWJJpFC89IBW64OXgCECsrrnzGWQvy1iLX9r5/R4zBf7Am3g=="
      },
      "Microsoft.NET.ILLink.Tasks": {
        "type": "Direct",
        "requested": "[10.0.12, )",
        "resolved": "10.0.12",
        "contentHash": "xi+BDjFpW+Sb+MHFHaH6Y/gV9I8BluFwRXc1QyCdoZbIK26eNiBeFuMTe/FMwc33G1wdHCyDg7CVTmb8OdQrMQ=="
      },
      "SDL3-CS": {
        "type": "Direct",
        "requested": "[3.4.16, )",
        "resolved": "3.4.16",
        "contentHash": "iUflNvlk5dsKwjBugy7tGB2Av/t2hp3OYnpgb1/dLrxMjWQVAd4Wayl5fmBv/z3xH8I8IeD+m0K1e+42AnYb8w=="
      },
      "SDL3-CS.Linux": {
        "type": "Direct",
        "requested": "[3.4.16, )",
        "resolved": "3.4.16",
        "contentHash": "jC1+e5CVbeNCsF7mdZaCqgD2rPY8RCsGdMxzokxjj+ZNNu3Nzc9esl+z6tFCGuHd2kg2565t8zIVI5Up0GoQmg=="
      },
      "SDL3-CS.Linux.Image": {
        "type": "Direct",
        "requested": "[3.4.6.9, )",
        "resolved": "3.4.6.9",
        "contentHash": "aL5giGdr01CUfqox0os5cVNuRkkgsUn880BGWcyAxGhALBlduFkNkYPXKj1CqBoM2c/D67//vhbhz4+r31s+cg=="
      },
      "SDL3-CS.Linux.Mixer": {
        "type": "Direct",
        "requested": "[3.2.4.11, )",
        "resolved": "3.2.4.11",
        "contentHash": "/zwepHYFGL0R+lvK9aybCtu2jyRf35l/2t7yiscpFMB3eFaCH9otmSnV1F8u3a7Z0AeqfrqS5q2oaMgwVt16Zg=="
      },
      "SDL3-CS.Linux.TTF": {
        "type": "Direct",
        "requested": "[3.2.2.11, )",
        "resolved": "3.2.2.11",
        "contentHash": "aTpyIa+nY6dm5AbDoK+tyGlytbH4PxzRq+C1OcyhSWdXiwfYp0WWYEuwHv4P2XgZYhz90M7oH8HAU75RfE6e2g=="
      },
      "SDL3-CS.MacOS": {
        "type": "Direct",
        "requested": "[3.4.16, )",
        "resolved": "3.4.16",
        "contentHash": "l+Mg9TGhMzZeCBui24WOL7+9YF/PEdN9FVGpBuqmUxCr9LrLMAIHsXD2j2uN5NYdiQmGhNpZ59fGP2BWqPTeHA=="
      },
      "SDL3-CS.MacOS.Image": {
        "type": "Direct",
        "requested": "[3.4.6.9, )",
        "resolved": "3.4.6.9",
        "contentHash": "K9Gl0dwVLd8XbFJJSOPByVACRvirnnFaGZUL7O2G0mua5otZPGKByZNsRoG18PWh1UDPyxCcWq/IhbFWgrDiQQ=="
      },
      "SDL3-CS.MacOS.Mixer": {
        "type": "Direct",
        "requested": "[3.2.4.11, )",
        "resolved": "3.2.4.11",
        "contentHash": "RbZc3a3UgLJsOCvb0unwxHFJhM2Jtiwes4c4tmh1/fIckCSRbl/VdMMqw8Yxsppi6NyM1PHhbopXmTQgKXbHCw=="
      },
      "SDL3-CS.MacOS.TTF": {
        "type": "Direct",
        "requested": "[3.2.2.11, )",
        "resolved": "3.2.2.11",
        "contentHash": "nCfnbPYbEoLX3OtviFuoqekLPRhy55Li0Xypj9NPMPjyIsG5WKBUo7J/VW2y2+nnKuPfr1tI9gCJs5OPgA2v6w=="
      },
      "SDL3-CS.Windows": {
        "type": "Direct",
        "requested": "[3.4.16, )",
        "resolved": "3.4.16",
        "contentHash": "fz7LopbxaH/VI2XgrxTKPSK6oPN/su/OdubKa7aCmu/dP7IWhHrqGEirGmoPy5XgRf6GZyNJaBsNi7S5NKkuZw=="
      },
      "SDL3-CS.Windows.Image": {
        "type": "Direct",
        "requested": "[3.4.6.9, )",
        "resolved": "3.4.6.9",
        "contentHash": "mtMBuBRhT21pyUVk6d3fJj3+O8NgEPdNSkvikT1XrmyZKypkddol++u/6boq3PyRagkldTy7sjYfLS5if1LKgQ=="
      },
      "SDL3-CS.Windows.Mixer": {
        "type": "Direct",
        "requested": "[3.2.4.11, )",
        "resolved": "3.2.4.11",
        "contentHash": "+EI+P9wPlLVG2pR5QdEo8io+Kp9CyHe8rbzwtm/BuFfmIvoJ70S0v0F9qURoJRZiDnVQ6YhlfQQ6L1OD51CDdw=="
      },
      "SDL3-CS.Windows.TTF": {
        "type": "Direct",
        "requested": "[3.2.2.11, )",
        "resolved": "3.2.2.11",
        "contentHash": "jeqP5erfZQCsKKzVsouw0uMuQFNp/0cc4U6wW+nC5XTcXXEaA8Lodx+IfBbJSXQ1Poc0fFAB9O8ke7OYXzSFwA=="
      },
      "FSharp.Core": {
        "type": "Transitive",
        "resolved": "10.1.401",
        "contentHash": "/lvOK51KD8IangBYkfDVna3/HrE/r4VUnX3dI01KDspctoYXmind3POeoYkqWKeXHwiKlf6Hc9TxwSnoSCWcjw=="
      },
      "game.fsharp": {
        "type": "Project",
        "dependencies": {
          "FSharp.Core": "[10.1.401, )"
        }
      }
    },
    "net10.0/osx-arm64": {
      "ImGui.NET": {
        "type": "Direct",
        "requested": "[1.91.6.1, )",
        "resolved": "1.91.6.1",
        "contentHash": "Ph3j8pO6UM28PPJWP+5LEJSPVPkd8ivpVS8tRyY9b0IHn1HDIrMZ2o/FdiXaYW6YhNxMHmbevw6Jcfs+IDKi0Q=="
      },
      "Microsoft.DotNet.ILCompiler": {
        "type": "Direct",
        "requested": "[10.0.11, )",
        "resolved": "10.0.11",
        "contentHash": "yloFUsIQOzspIsn2cDHrbgikKaWHAZspzj0EWxnWJJpFC89IBW64OXgCECsrrnzGWQvy1iLX9r5/R4zBf7Am3g==",
        "dependencies": {
          "runtime.osx-arm64.Microsoft.DotNet.ILCompiler": "10.0.11"
        }
      },
      "SDL3-CS.Linux": {
        "type": "Direct",
        "requested": "[3.4.16, )",
        "resolved": "3.4.16",
        "contentHash": "jC1+e5CVbeNCsF7mdZaCqgD2rPY8RCsGdMxzokxjj+ZNNu3Nzc9esl+z6tFCGuHd2kg2565t8zIVI5Up0GoQmg=="
      },
      "SDL3-CS.Linux.Image": {
        "type": "Direct",
        "requested": "[3.4.6.9, )",
        "resolved": "3.4.6.9",
        "contentHash": "aL5giGdr01CUfqox0os5cVNuRkkgsUn880BGWcyAxGhALBlduFkNkYPXKj1CqBoM2c/D67//vhbhz4+r31s+cg=="
      },
      "SDL3-CS.Linux.Mixer": {
        "type": "Direct",
        "requested": "[3.2.4.11, )",
        "resolved": "3.2.4.11",
        "contentHash": "/zwepHYFGL0R+lvK9aybCtu2jyRf35l/2t7yiscpFMB3eFaCH9otmSnV1F8u3a7Z0AeqfrqS5q2oaMgwVt16Zg=="
      },
      "SDL3-CS.Linux.TTF": {
        "type": "Direct",
        "requested": "[3.2.2.11, )",
        "resolved": "3.2.2.11",
        "contentHash": "aTpyIa+nY6dm5AbDoK+tyGlytbH4PxzRq+C1OcyhSWdXiwfYp0WWYEuwHv4P2XgZYhz90M7oH8HAU75RfE6e2g=="
      },
      "SDL3-CS.MacOS": {
        "type": "Direct",
        "requested": "[3.4.16, )",
        "resolved": "3.4.16",
        "contentHash": "l+Mg9TGhMzZeCBui24WOL7+9YF/PEdN9FVGpBuqmUxCr9LrLMAIHsXD2j2uN5NYdiQmGhNpZ59fGP2BWqPTeHA=="
      },
      "SDL3-CS.MacOS.Image": {
        "type": "Direct",
        "requested": "[3.4.6.9, )",
        "resolved": "3.4.6.9",
        "contentHash": "K9Gl0dwVLd8XbFJJSOPByVACRvirnnFaGZUL7O2G0mua5otZPGKByZNsRoG18PWh1UDPyxCcWq/IhbFWgrDiQQ=="
      },
      "SDL3-CS.MacOS.Mixer": {
        "type": "Direct",
        "requested": "[3.2.4.11, )",
        "resolved": "3.2.4.11",
        "contentHash": "RbZc3a3UgLJsOCvb0unwxHFJhM2Jtiwes4c4tmh1/fIckCSRbl/VdMMqw8Yxsppi6NyM1PHhbopXmTQgKXbHCw=="
      },
      "SDL3-CS.MacOS.TTF": {
        "type": "Direct",
        "requested": "[3.2.2.11, )",
        "resolved": "3.2.2.11",
        "contentHash": "nCfnbPYbEoLX3OtviFuoqekLPRhy55Li0Xypj9NPMPjyIsG5WKBUo7J/VW2y2+nnKuPfr1tI9gCJs5OPgA2v6w=="
      },
      "SDL3-CS.Windows": {
        "type": "Direct",
        "requested": "[3.4.16, )",
        "resolved": "3.4.16",
        "contentHash": "fz7LopbxaH/VI2XgrxTKPSK6oPN/su/OdubKa7aCmu/dP7IWhHrqGEirGmoPy5XgRf6GZyNJaBsNi7S5NKkuZw=="
      },
      "SDL3-CS.Windows.Image": {
        "type": "Direct",
        "requested": "[3.4.6.9, )",
        "resolved": "3.4.6.9",
        "contentHash": "mtMBuBRhT21pyUVk6d3fJj3+O8NgEPdNSkvikT1XrmyZKypkddol++u/6boq3PyRagkldTy7sjYfLS5if1LKgQ=="
      },
      "SDL3-CS.Windows.Mixer": {
        "type": "Direct",
        "requested": "[3.2.4.11, )",
        "resolved": "3.2.4.11",
        "contentHash": "+EI+P9wPlLVG2pR5QdEo8io+Kp9CyHe8rbzwtm/BuFfmIvoJ70S0v0F9qURoJRZiDnVQ6YhlfQQ6L1OD51CDdw=="
      },
      "SDL3-CS.Windows.TTF": {
        "type": "Direct",
        "requested": "[3.2.2.11, )",
        "resolved": "3.2.2.11",
        "contentHash": "jeqP5erfZQCsKKzVsouw0uMuQFNp/0cc4U6wW+nC5XTcXXEaA8Lodx+IfBbJSXQ1Poc0fFAB9O8ke7OYXzSFwA=="
      },
      "runtime.osx-arm64.Microsoft.DotNet.ILCompiler": {
        "type": "Transitive",
        "resolved": "10.0.11",
        "contentHash": "4cxybmyqJI3zZIKkNM1Ft0aq6Q4q6b4SJ11Np5j9lrHHurfheI66dUshpZD/UEMjMqAdg9O03AABAYLYSUzwyw=="
      }
    }
  }
}