{
  "version": 1,
  "dependencies": {
    "net10.0": {
      "FSharp.Core": {
        "type": "Direct",
        "requested": "[10.1.400, )",
        "resolved": "10.1.400",
        "contentHash": "C8Myl8/HMoTWw0K/xJ+Q6JHlS5fUw2VTI91a3v3eVs0FVkVb5XIevzH7S2AmvIoD7s186uNyeRTGbrpef9gZyQ=="
      }
    }
  }
}
